
Microsoft Visual Studio Solution File, Format Version 12.00
# Visual Studio Version 17
VisualStudioVersion = 17.8.34330.188
MinimumVisualStudioVersion = 10.0.40219.1
Project("{FAE04EC0-301F-11D3-BF4B-00C04F79EFBC}") = "Contact_Manager_Application", "Contact_Manager_Application.csproj", "{ECB5BB94-0429-48B9-9BDB-E2230DB8D8C7}"
EndProject
Global
	GlobalSection(SolutionConfigurationPlatforms) = preSolution
		Debug|Any CPU = Debug|Any CPU
		Release|Any CPU = Release|Any CPU
	EndGlobalSection
	GlobalSection(ProjectConfigurationPlatforms) = postSolution
		{ECB5BB94-0429-48B9-9BDB-E2230DB8D8C7}.Debug|Any CPU.ActiveCfg = Debug|Any CPU
		{ECB5BB94-0429-48B9-9BDB-E2230DB8D8C7}.Debug|Any CPU.Build.0 = Debug|Any CPU
		{ECB5BB94-0429-48B9-9BDB-E2230DB8D8C7}.Release|Any CPU.ActiveCfg = Release|Any CPU
		{ECB5BB94-0429-48B9-9BDB-E2230DB8D8C7}.Release|Any CPU.Build.0 = Release|Any CPU
	EndGlobalSection
	GlobalSection(SolutionProperties) = preSolution
		HideSolutionNode = FALSE
	EndGlobalSection
	GlobalSection(ExtensibilityGlobals) = postSolution
		SolutionGuid = {A60D5DC2-9681-4E96-93BF-C34BCBB49AFC}
	EndGlobalSection
EndGlobal
